<?xml version="1.0" encoding="utf-8"?>
<Project ToolsVersion="4.0" xmlns="http://schemas.microsoft.com/developer/msbuild/2003">
  <ItemGroup>
    <ClInclude Include="stdafx.h" />
    <ClInclude Include="targetver.h" />
    <ClInclude Include="Mesh.h" />
    <ClInclude Include="GLES3Renderer\GfxFrameBuffer.h">
      <Filter>GLES3Renderer\Header Files</Filter>
    </ClInclude>
    <ClInclude Include="GLES3Renderer\GfxIndexBuffer.h">
      <Filter>GLES3Renderer\Header Files</Filter>
    </ClInclude>
    <ClInclude Include="GLES3Renderer\GfxInstanceBuffer.h">
      <Filter>GLES3Renderer\Header Files</Filter>
    </ClInclude>
    <ClInclude Include="GLES3Renderer\GfxMaterial.h">
      <Filter>GLES3Renderer\Header Files</Filter>
    </ClInclude>
    <ClInclude Include="GLES3Renderer\GfxMesh.h">
      <Filter>GLES3Renderer\Header Files</Filter>
    </ClInclude>
    <ClInclude Include="GLES3Renderer\GfxProgram.h">
      <Filter>GLES3Renderer\Header Files</Filter>
    </ClInclude>
    <ClInclude Include="GLES3Renderer\GfxRenderer.h">
      <Filter>GLES3Renderer\Header Files</Filter>
    </ClInclude>
    <ClInclude Include="GLES3Renderer\GfxTexture2D.h">
      <Filter>GLES3Renderer\Header Files</Filter>
    </ClInclude>
    <ClInclude Include="GLES3Renderer\GfxTexture2DArray.h">
      <Filter>GLES3Renderer\Header Files</Filter>
    </ClInclude>
    <ClInclude Include="GLES3Renderer\GfxTextureCubeMap.h">
      <Filter>GLES3Renderer\Header Files</Filter>
    </ClInclude>
    <ClInclude Include="GLES3Renderer\GfxUniformAmbientLight.h">
      <Filter>GLES3Renderer\Header Files</Filter>
    </ClInclude>
    <ClInclude Include="GLES3Renderer\GfxUniformBuffer.h">
      <Filter>GLES3Renderer\Header Files</Filter>
    </ClInclude>
    <ClInclude Include="GLES3Renderer\GfxUniformCamera.h">
      <Filter>GLES3Renderer\Header Files</Filter>
    </ClInclude>
    <ClInclude Include="GLES3Renderer\GfxUniformDirectLight.h">
      <Filter>GLES3Renderer\Header Files</Filter>
    </ClInclude>
    <ClInclude Include="GLES3Renderer\GfxUniformFog.h">
      <Filter>GLES3Renderer\Header Files</Filter>
    </ClInclude>
    <ClInclude Include="GLES3Renderer\GfxUniformMat4.h">
      <Filter>GLES3Renderer\Header Files</Filter>
    </ClInclude>
    <ClInclude Include="GLES3Renderer\GfxUniformPointLight.h">
      <Filter>GLES3Renderer\Header Files</Filter>
    </ClInclude>
    <ClInclude Include="GLES3Renderer\GfxUniformProjection.h">
      <Filter>GLES3Renderer\Header Files</Filter>
    </ClInclude>
    <ClInclude Include="GLES3Renderer\GfxUniformTime.h">
      <Filter>GLES3Renderer\Header Files</Filter>
    </ClInclude>
    <ClInclude Include="GLES3Renderer\GfxUniformTransform.h">
      <Filter>GLES3Renderer\Header Files</Filter>
    </ClInclude>
    <ClInclude Include="GLES3Renderer\GfxUniformVec1.h">
      <Filter>GLES3Renderer\Header Files</Filter>
    </ClInclude>
    <ClInclude Include="GLES3Renderer\GfxUniformVec2.h">
      <Filter>GLES3Renderer\Header Files</Filter>
    </ClInclude>
    <ClInclude Include="GLES3Renderer\GfxUniformVec3.h">
      <Filter>GLES3Renderer\Header Files</Filter>
    </ClInclude>
    <ClInclude Include="GLES3Renderer\GfxUniformVec4.h">
      <Filter>GLES3Renderer\Header Files</Filter>
    </ClInclude>
    <ClInclude Include="GLES3Renderer\GfxUniformZBuffer.h">
      <Filter>GLES3Renderer\Header Files</Filter>
    </ClInclude>
    <ClInclude Include="GLES3Renderer\GfxVertexArrayObject.h">
      <Filter>GLES3Renderer\Header Files</Filter>
    </ClInclude>
    <ClInclude Include="GLES3Renderer\GfxVertexAttribute.h">
      <Filter>GLES3Renderer\Header Files</Filter>
    </ClInclude>
    <ClInclude Include="GLES3Renderer\GfxVertexBuffer.h">
      <Filter>GLES3Renderer\Header Files</Filter>
    </ClInclude>
    <ClInclude Include="GLES3Renderer\GfxUniformShadow.h">
      <Filter>GLES3Renderer\Header Files</Filter>
    </ClInclude>
    <ClInclude Include="GLES3Renderer\GfxCommandBuffer.h">
      <Filter>GLES3Renderer\Header Files</Filter>
    </ClInclude>
    <ClInclude Include="GLES3Renderer\GfxCommandBeginPass.h">
      <Filter>GLES3Renderer\Source Files\Commands</Filter>
    </ClInclude>
    <ClInclude Include="GLES3Renderer\GfxCommandBindInputTexture.h">
      <Filter>GLES3Renderer\Source Files\Commands</Filter>
    </ClInclude>
    <ClInclude Include="GLES3Renderer\GfxCommandBindMaterial.h">
      <Filter>GLES3Renderer\Source Files\Commands</Filter>
    </ClInclude>
    <ClInclude Include="GLES3Renderer\GfxCommandBindMesh.h">
      <Filter>GLES3Renderer\Source Files\Commands</Filter>
    </ClInclude>
    <ClInclude Include="GLES3Renderer\GfxCommandClearColor.h">
      <Filter>GLES3Renderer\Source Files\Commands</Filter>
    </ClInclude>
    <ClInclude Include="GLES3Renderer\GfxCommandClearDepth.h">
      <Filter>GLES3Renderer\Source Files\Commands</Filter>
    </ClInclude>
    <ClInclude Include="GLES3Renderer\GfxCommandDrawElements.h">
      <Filter>GLES3Renderer\Source Files\Commands</Filter>
    </ClInclude>
    <ClInclude Include="GLES3Renderer\GfxCommandDrawInstance.h">
      <Filter>GLES3Renderer\Source Files\Commands</Filter>
    </ClInclude>
    <ClInclude Include="GLES3Renderer\GfxCommandEndPass.h">
      <Filter>GLES3Renderer\Source Files\Commands</Filter>
    </ClInclude>
    <ClInclude Include="GLES3Renderer\GfxCommandExecute.h">
      <Filter>GLES3Renderer\Source Files\Commands</Filter>
    </ClInclude>
    <ClInclude Include="GLES3Renderer\GfxCommandSetScissor.h">
      <Filter>GLES3Renderer\Source Files\Commands</Filter>
    </ClInclude>
    <ClInclude Include="GLES3Renderer\GfxCommandSetViewport.h">
      <Filter>GLES3Renderer\Source Files\Commands</Filter>
    </ClInclude>
    <ClInclude Include="GLES3Renderer\GfxTextureManager.h">
      <Filter>GLES3Renderer\Header Files</Filter>
    </ClInclude>
    <ClInclude Include="GLES3Renderer\GfxSampler.h">
      <Filter>GLES3Renderer\Header Files</Filter>
    </ClInclude>
    <ClInclude Include="GLES3Renderer\GfxTextureBase.h">
      <Filter>GLES3Renderer\Header Files</Filter>
    </ClInclude>
    <ClInclude Include="GLES3Renderer\GfxUtils.h">
      <Filter>GLES3Renderer\Header Files</Filter>
    </ClInclude>
    <ClInclude Include="GLES3Renderer\GfxProgramManager.h">
      <Filter>GLES3Renderer\Header Files</Filter>
    </ClInclude>
    <ClInclude Include="GLES3Renderer\GfxMaterialManager.h">
      <Filter>GLES3Renderer\Header Files</Filter>
    </ClInclude>
    <ClInclude Include="GLES3Renderer\GfxCamera.h">
      <Filter>GLES3Renderer\Header Files</Filter>
    </ClInclude>
    <ClInclude Include="GLES3Renderer\GfxGLM.h">
      <Filter>GLES3Renderer\Header Files</Filter>
    </ClInclude>
  </ItemGroup>
  <ItemGroup>
    <ClCompile Include="main.cpp" />
    <ClCompile Include="stdafx.cpp" />
    <ClCompile Include="GLES3Renderer\tinyxml\tinystr.cpp">
      <Filter>xml</Filter>
    </ClCompile>
    <ClCompile Include="GLES3Renderer\tinyxml\tinyxml.cpp">
      <Filter>xml</Filter>
    </ClCompile>
    <ClCompile Include="GLES3Renderer\tinyxml\tinyxmlerror.cpp">
      <Filter>xml</Filter>
    </ClCompile>
    <ClCompile Include="GLES3Renderer\tinyxml\tinyxmlparser.cpp">
      <Filter>xml</Filter>
    </ClCompile>
    <ClCompile Include="GLES3Renderer\spirv-cross\spirv_cfg.cpp">
      <Filter>spirv-cross</Filter>
    </ClCompile>
    <ClCompile Include="GLES3Renderer\spirv-cross\spirv_cpp.cpp">
      <Filter>spirv-cross</Filter>
    </ClCompile>
    <ClCompile Include="GLES3Renderer\spirv-cross\spirv_cross.cpp">
      <Filter>spirv-cross</Filter>
    </ClCompile>
    <ClCompile Include="GLES3Renderer\spirv-cross\spirv_glsl.cpp">
      <Filter>spirv-cross</Filter>
    </ClCompile>
    <ClCompile Include="GLES3Renderer\spirv-cross\spirv_hlsl.cpp">
      <Filter>spirv-cross</Filter>
    </ClCompile>
    <ClCompile Include="GLES3Renderer\spirv-cross\spirv_msl.cpp">
      <Filter>spirv-cross</Filter>
    </ClCompile>
    <ClCompile Include="Mesh.cpp" />
    <ClCompile Include="GLES3Renderer\GfxFrameBuffer.cpp">
      <Filter>GLES3Renderer\Source Files</Filter>
    </ClCompile>
    <ClCompile Include="GLES3Renderer\GfxIndexBuffer.cpp">
      <Filter>GLES3Renderer\Source Files</Filter>
    </ClCompile>
    <ClCompile Include="GLES3Renderer\GfxInstanceBuffer.cpp">
      <Filter>GLES3Renderer\Source Files</Filter>
    </ClCompile>
    <ClCompile Include="GLES3Renderer\GfxMaterial.cpp">
      <Filter>GLES3Renderer\Source Files</Filter>
    </ClCompile>
    <ClCompile Include="GLES3Renderer\GfxMesh.cpp">
      <Filter>GLES3Renderer\Source Files</Filter>
    </ClCompile>
    <ClCompile Include="GLES3Renderer\GfxProgram.cpp">
      <Filter>GLES3Renderer\Source Files</Filter>
    </ClCompile>
    <ClCompile Include="GLES3Renderer\GfxRenderer.cpp">
      <Filter>GLES3Renderer\Source Files</Filter>
    </ClCompile>
    <ClCompile Include="GLES3Renderer\GfxTexture2D.cpp">
      <Filter>GLES3Renderer\Source Files</Filter>
    </ClCompile>
    <ClCompile Include="GLES3Renderer\GfxTexture2DArray.cpp">
      <Filter>GLES3Renderer\Source Files</Filter>
    </ClCompile>
    <ClCompile Include="GLES3Renderer\GfxTextureCubeMap.cpp">
      <Filter>GLES3Renderer\Source Files</Filter>
    </ClCompile>
    <ClCompile Include="GLES3Renderer\GfxUniformAmbientLight.cpp">
      <Filter>GLES3Renderer\Source Files</Filter>
    </ClCompile>
    <ClCompile Include="GLES3Renderer\GfxUniformBuffer.cpp">
      <Filter>GLES3Renderer\Source Files</Filter>
    </ClCompile>
    <ClCompile Include="GLES3Renderer\GfxUniformCamera.cpp">
      <Filter>GLES3Renderer\Source Files</Filter>
    </ClCompile>
    <ClCompile Include="GLES3Renderer\GfxUniformDirectLight.cpp">
      <Filter>GLES3Renderer\Source Files</Filter>
    </ClCompile>
    <ClCompile Include="GLES3Renderer\GfxUniformFog.cpp">
      <Filter>GLES3Renderer\Source Files</Filter>
    </ClCompile>
    <ClCompile Include="GLES3Renderer\GfxUniformMat4.cpp">
      <Filter>GLES3Renderer\Source Files</Filter>
    </ClCompile>
    <ClCompile Include="GLES3Renderer\GfxUniformPointLight.cpp">
      <Filter>GLES3Renderer\Source Files</Filter>
    </ClCompile>
    <ClCompile Include="GLES3Renderer\GfxUniformProjection.cpp">
      <Filter>GLES3Renderer\Source Files</Filter>
    </ClCompile>
    <ClCompile Include="GLES3Renderer\GfxUniformTime.cpp">
      <Filter>GLES3Renderer\Source Files</Filter>
    </ClCompile>
    <ClCompile Include="GLES3Renderer\GfxUniformTransform.cpp">
      <Filter>GLES3Renderer\Source Files</Filter>
    </ClCompile>
    <ClCompile Include="GLES3Renderer\GfxUniformVec1.cpp">
      <Filter>GLES3Renderer\Source Files</Filter>
    </ClCompile>
    <ClCompile Include="GLES3Renderer\GfxUniformVec2.cpp">
      <Filter>GLES3Renderer\Source Files</Filter>
    </ClCompile>
    <ClCompile Include="GLES3Renderer\GfxUniformVec3.cpp">
      <Filter>GLES3Renderer\Source Files</Filter>
    </ClCompile>
    <ClCompile Include="GLES3Renderer\GfxUniformVec4.cpp">
      <Filter>GLES3Renderer\Source Files</Filter>
    </ClCompile>
    <ClCompile Include="GLES3Renderer\GfxUniformZBuffer.cpp">
      <Filter>GLES3Renderer\Source Files</Filter>
    </ClCompile>
    <ClCompile Include="GLES3Renderer\GfxVertexArrayObject.cpp">
      <Filter>GLES3Renderer\Source Files</Filter>
    </ClCompile>
    <ClCompile Include="GLES3Renderer\GfxVertexAttribute.cpp">
      <Filter>GLES3Renderer\Source Files</Filter>
    </ClCompile>
    <ClCompile Include="GLES3Renderer\GfxVertexBuffer.cpp">
      <Filter>GLES3Renderer\Source Files</Filter>
    </ClCompile>
    <ClCompile Include="GLES3Renderer\GfxUniformShadow.cpp">
      <Filter>GLES3Renderer\Source Files</Filter>
    </ClCompile>
    <ClCompile Include="GLES3Renderer\GfxCommandBuffer.cpp">
      <Filter>GLES3Renderer\Source Files</Filter>
    </ClCompile>
    <ClCompile Include="thread\event.c">
      <Filter>thread</Filter>
    </ClCompile>
    <ClCompile Include="thread\thread.c">
      <Filter>thread</Filter>
    </ClCompile>
    <ClCompile Include="GLES3Renderer\GfxTextureManager.cpp">
      <Filter>GLES3Renderer\Source Files</Filter>
    </ClCompile>
    <ClCompile Include="GLES3Renderer\GfxSampler.cpp">
      <Filter>GLES3Renderer\Source Files</Filter>
    </ClCompile>
    <ClCompile Include="GLES3Renderer\GfxTextureBase.cpp">
      <Filter>GLES3Renderer\Source Files</Filter>
    </ClCompile>
    <ClCompile Include="GLES3Renderer\GfxUtils.cpp">
      <Filter>GLES3Renderer\Source Files</Filter>
    </ClCompile>
    <ClCompile Include="GLES3Renderer\GfxProgramManager.cpp">
      <Filter>GLES3Renderer\Source Files</Filter>
    </ClCompile>
    <ClCompile Include="GLES3Renderer\GfxMaterialManager.cpp">
      <Filter>GLES3Renderer\Source Files</Filter>
    </ClCompile>
    <ClCompile Include="GLES3Renderer\GfxCamera.cpp">
      <Filter>GLES3Renderer\Source Files</Filter>
    </ClCompile>
  </ItemGroup>
  <ItemGroup>
    <Filter Include="GLES3Renderer">
      <UniqueIdentifier>{2fbc819f-c6d1-4689-80c8-1c1f51b857ff}</UniqueIdentifier>
    </Filter>
    <Filter Include="GLES3Renderer\Header Files">
      <UniqueIdentifier>{d85ddc11-82f1-4af9-a540-01efa69f4db9}</UniqueIdentifier>
    </Filter>
    <Filter Include="GLES3Renderer\Source Files">
      <UniqueIdentifier>{ba5068a6-5ada-4de3-8efe-f3da81d2fd67}</UniqueIdentifier>
    </Filter>
    <Filter Include="spirv-cross">
      <UniqueIdentifier>{30db489a-98e5-491a-90ef-f1ab06d35fd6}</UniqueIdentifier>
    </Filter>
    <Filter Include="GLES3Renderer\Source Files\Commands">
      <UniqueIdentifier>{86a12a46-8a95-4d82-9b0e-9092d3cbae6f}</UniqueIdentifier>
    </Filter>
    <Filter Include="thread">
      <UniqueIdentifier>{302dbc0a-3f76-497a-8b8f-bacc989d6851}</UniqueIdentifier>
    </Filter>
    <Filter Include="xml">
      <UniqueIdentifier>{31d2c0c8-b73e-4461-8fbf-00b7d2a76334}</UniqueIdentifier>
    </Filter>
  </ItemGroup>
</Project>